<Solution>
  <Folder Name="/src/">
    <Project Path="src/EscapeNow.Api/EscapeNow.Api.csproj" />
    <Project Path="src/EscapeNow.Application/EscapeNow.Application.csproj" />
    <Project Path="src/EscapeNow.Domain/EscapeNow.Domain.csproj" />
    <Project Path="src/EscapeNow.Infrastructure/EscapeNow.Infrastructure.csproj" />
  </Folder>
  <Folder Name="/tests/">
    <Project Path="tests/EscapeNow.ArchitectureTests/EscapeNow.ArchitectureTests.csproj" />
    <Project Path="tests/EscapeNow.IntegrationTests/EscapeNow.IntegrationTests.csproj" />
    <Project Path="tests/EscapeNow.UnitTests/EscapeNow.UnitTests.csproj" />
  </Folder>
  <Folder Name="/tests/fixtures/">
    <Project Path="tests/fixtures/Fixtures.Layers.Domain/Fixtures.Layers.Domain.csproj" />
    <Project Path="tests/fixtures/Fixtures.Layers.Infrastructure/Fixtures.Layers.Infrastructure.csproj" />
    <Project Path="tests/fixtures/Fixtures.Modules.Alpha/Fixtures.Modules.Alpha.csproj" />
    <Project Path="tests/fixtures/Fixtures.Modules.Beta/Fixtures.Modules.Beta.csproj" />
  </Folder>
</Solution>
