
Microsoft Visual Studio Solution File, Format Version 12.00
# Visual Studio Version 17
VisualStudioVersion = 17.5.002.0
MinimumVisualStudioVersion = 10.0.40219.1
Project("{2150E333-8FDC-42A3-9474-1A3956D46DE8}") = "src", "src", "{D5AE0368-606C-4808-968D-1111F8B25F65}"
EndProject
Project("{9A19103F-16F7-4668-BE54-9A1E7A4F7556}") = "EscapeNow.Api", "src\EscapeNow.Api\EscapeNow.Api.csproj", "{79DF9046-A354-4524-8323-0FCBA70B615D}"
EndProject
Project("{9A19103F-16F7-4668-BE54-9A1E7A4F7556}") = "EscapeNow.Application", "src\EscapeNow.Application\EscapeNow.Application.csproj", "{849750CA-ECB1-4306-9DB7-D3356B758F5F}"
EndProject
Project("{9A19103F-16F7-4668-BE54-9A1E7A4F7556}") = "EscapeNow.Domain", "src\EscapeNow.Domain\EscapeNow.Domain.csproj", "{51A341FA-23D0-457F-98DB-DCD335964A02}"
EndProject
Project("{9A19103F-16F7-4668-BE54-9A1E7A4F7556}") = "EscapeNow.Infrastructure", "src\EscapeNow.Infrastructure\EscapeNow.Infrastructure.csproj", "{E72175C0-4400-48C4-9E57-862EE048F01D}"
EndProject
Project("{2150E333-8FDC-42A3-9474-1A3956D46DE8}") = "tests", "tests", "{A0336695-1265-47C9-AE82-AB8AD8F9D7B5}"
EndProject
Project("{9A19103F-16F7-4668-BE54-9A1E7A4F7556}") = "EscapeNow.ArchitectureTests", "tests\EscapeNow.ArchitectureTests\EscapeNow.ArchitectureTests.csproj", "{03CE820C-D460-4566-93E2-12DDE01F4737}"
EndProject
Project("{9A19103F-16F7-4668-BE54-9A1E7A4F7556}") = "EscapeNow.IntegrationTests", "tests\EscapeNow.IntegrationTests\EscapeNow.IntegrationTests.csproj", "{0B50308C-10C4-4015-9F5D-2B3AE5B7726C}"
EndProject
Project("{9A19103F-16F7-4668-BE54-9A1E7A4F7556}") = "EscapeNow.UnitTests", "tests\EscapeNow.UnitTests\EscapeNow.UnitTests.csproj", "{F5E1C0FC-8A75-489B-BA61-FCA99760407C}"
EndProject
Project("{2150E333-8FDC-42A3-9474-1A3956D46DE8}") = "fixtures", "fixtures", "{6494107A-B271-4282-9BD1-C37BEDD4555D}"
EndProject
Project("{9A19103F-16F7-4668-BE54-9A1E7A4F7556}") = "Fixtures.Layers.Domain", "tests\fixtures\Fixtures.Layers.Domain\Fixtures.Layers.Domain.csproj", "{E3009099-6221-48DE-8F9F-EE7A055DA1DC}"
EndProject
Project("{9A19103F-16F7-4668-BE54-9A1E7A4F7556}") = "Fixtures.Layers.Infrastructure", "tests\fixtures\Fixtures.Layers.Infrastructure\Fixtures.Layers.Infrastructure.csproj", "{F5DA9661-85AA-4685-B205-A7C4D66B81B7}"
EndProject
Project("{9A19103F-16F7-4668-BE54-9A1E7A4F7556}") = "Fixtures.Modules.Alpha", "tests\fixtures\Fixtures.Modules.Alpha\Fixtures.Modules.Alpha.csproj", "{AEAC4B44-B94D-40A2-8F35-C996912C8CA5}"
EndProject
Project("{9A19103F-16F7-4668-BE54-9A1E7A4F7556}") = "Fixtures.Modules.Beta", "tests\fixtures\Fixtures.Modules.Beta\Fixtures.Modules.Beta.csproj", "{91DF6F50-4EFE-45D4-893A-770918A9838A}"
EndProject
Global
	GlobalSection(SolutionConfigurationPlatforms) = preSolution
		Debug|Any CPU = Debug|Any CPU
		Release|Any CPU = Release|Any CPU
	EndGlobalSection
	GlobalSection(ProjectConfigurationPlatforms) = postSolution
		{79DF9046-A354-4524-8323-0FCBA70B615D}.Debug|Any CPU.ActiveCfg = Debug|Any CPU
		{79DF9046-A354-4524-8323-0FCBA70B615D}.Debug|Any CPU.Build.0 = Debug|Any CPU
		{79DF9046-A354-4524-8323-0FCBA70B615D}.Release|Any CPU.ActiveCfg = Release|Any CPU
		{79DF9046-A354-4524-8323-0FCBA70B615D}.Release|Any CPU.Build.0 = Release|Any CPU
		{849750CA-ECB1-4306-9DB7-D3356B758F5F}.Debug|Any CPU.ActiveCfg = Debug|Any CPU
		{849750CA-ECB1-4306-9DB7-D3356B758F5F}.Debug|Any CPU.Build.0 = Debug|Any CPU
		{849750CA-ECB1-4306-9DB7-D3356B758F5F}.Release|Any CPU.ActiveCfg = Release|Any CPU
		{849750CA-ECB1-4306-9DB7-D3356B758F5F}.Release|Any CPU.Build.0 = Release|Any CPU
		{51A341FA-23D0-457F-98DB-DCD335964A02}.Debug|Any CPU.ActiveCfg = Debug|Any CPU
		{51A341FA-23D0-457F-98DB-DCD335964A02}.Debug|Any CPU.Build.0 = Debug|Any CPU
		{51A341FA-23D0-457F-98DB-DCD335964A02}.Release|Any CPU.ActiveCfg = Release|Any CPU
		{51A341FA-23D0-457F-98DB-DCD335964A02}.Release|Any CPU.Build.0 = Release|Any CPU
		{E72175C0-4400-48C4-9E57-862EE048F01D}.Debug|Any CPU.ActiveCfg = Debug|Any CPU
		{E72175C0-4400-48C4-9E57-862EE048F01D}.Debug|Any CPU.Build.0 = Debug|Any CPU
		{E72175C0-4400-48C4-9E57-862EE048F01D}.Release|Any CPU.ActiveCfg = Release|Any CPU
		{E72175C0-4400-48C4-9E57-862EE048F01D}.Release|Any CPU.Build.0 = Release|Any CPU
		{03CE820C-D460-4566-93E2-12DDE01F4737}.Debug|Any CPU.ActiveCfg = Debug|Any CPU
		{03CE820C-D460-4566-93E2-12DDE01F4737}.Debug|Any CPU.Build.0 = Debug|Any CPU
		{03CE820C-D460-4566-93E2-12DDE01F4737}.Release|Any CPU.ActiveCfg = Release|Any CPU
		{03CE820C-D460-4566-93E2-12DDE01F4737}.Release|Any CPU.Build.0 = Release|Any CPU
		{0B50308C-10C4-4015-9F5D-2B3AE5B7726C}.Debug|Any CPU.ActiveCfg = Debug|Any CPU
		{0B50308C-10C4-4015-9F5D-2B3AE5B7726C}.Debug|Any CPU.Build.0 = Debug|Any CPU
		{0B50308C-10C4-4015-9F5D-2B3AE5B7726C}.Release|Any CPU.ActiveCfg = Release|Any CPU
		{0B50308C-10C4-4015-9F5D-2B3AE5B7726C}.Release|Any CPU.Build.0 = Release|Any CPU
		{F5E1C0FC-8A75-489B-BA61-FCA99760407C}.Debug|Any CPU.ActiveCfg = Debug|Any CPU
		{F5E1C0FC-8A75-489B-BA61-FCA99760407C}.Debug|Any CPU.Build.0 = Debug|Any CPU
		{F5E1C0FC-8A75-489B-BA61-FCA99760407C}.Release|Any CPU.ActiveCfg = Release|Any CPU
		{F5E1C0FC-8A75-489B-BA61-FCA99760407C}.Release|Any CPU.Build.0 = Release|Any CPU
		{E3009099-6221-48DE-8F9F-EE7A055DA1DC}.Debug|Any CPU.ActiveCfg = Debug|Any CPU
		{E3009099-6221-48DE-8F9F-EE7A055DA1DC}.Debug|Any CPU.Build.0 = Debug|Any CPU
		{E3009099-6221-48DE-8F9F-EE7A055DA1DC}.Release|Any CPU.ActiveCfg = Release|Any CPU
		{E3009099-6221-48DE-8F9F-EE7A055DA1DC}.Release|Any CPU.Build.0 = Release|Any CPU
		{F5DA9661-85AA-4685-B205-A7C4D66B81B7}.Debug|Any CPU.ActiveCfg = Debug|Any CPU
		{F5DA9661-85AA-4685-B205-A7C4D66B81B7}.Debug|Any CPU.Build.0 = Debug|Any CPU
		{F5DA9661-85AA-4685-B205-A7C4D66B81B7}.Release|Any CPU.ActiveCfg = Release|Any CPU
		{F5DA9661-85AA-4685-B205-A7C4D66B81B7}.Release|Any CPU.Build.0 = Release|Any CPU
		{AEAC4B44-B94D-40A2-8F35-C996912C8CA5}.Debug|Any CPU.ActiveCfg = Debug|Any CPU
		{AEAC4B44-B94D-40A2-8F35-C996912C8CA5}.Debug|Any CPU.Build.0 = Debug|Any CPU
		{AEAC4B44-B94D-40A2-8F35-C996912C8CA5}.Release|Any CPU.ActiveCfg = Release|Any CPU
		{AEAC4B44-B94D-40A2-8F35-C996912C8CA5}.Release|Any CPU.Build.0 = Release|Any CPU
		{91DF6F50-4EFE-45D4-893A-770918A9838A}.Debug|Any CPU.ActiveCfg = Debug|Any CPU
		{91DF6F50-4EFE-45D4-893A-770918A9838A}.Debug|Any CPU.Build.0 = Debug|Any CPU
		{91DF6F50-4EFE-45D4-893A-770918A9838A}.Release|Any CPU.ActiveCfg = Release|Any CPU
		{91DF6F50-4EFE-45D4-893A-770918A9838A}.Release|Any CPU.Build.0 = Release|Any CPU
	EndGlobalSection
	GlobalSection(SolutionProperties) = preSolution
		HideSolutionNode = FALSE
	EndGlobalSection
	GlobalSection(NestedProjects) = preSolution
		{79DF9046-A354-4524-8323-0FCBA70B615D} = {D5AE0368-606C-4808-968D-1111F8B25F65}
		{849750CA-ECB1-4306-9DB7-D3356B758F5F} = {D5AE0368-606C-4808-968D-1111F8B25F65}
		{51A341FA-23D0-457F-98DB-DCD335964A02} = {D5AE0368-606C-4808-968D-1111F8B25F65}
		{E72175C0-4400-48C4-9E57-862EE048F01D} = {D5AE0368-606C-4808-968D-1111F8B25F65}
		{03CE820C-D460-4566-93E2-12DDE01F4737} = {A0336695-1265-47C9-AE82-AB8AD8F9D7B5}
		{0B50308C-10C4-4015-9F5D-2B3AE5B7726C} = {A0336695-1265-47C9-AE82-AB8AD8F9D7B5}
		{F5E1C0FC-8A75-489B-BA61-FCA99760407C} = {A0336695-1265-47C9-AE82-AB8AD8F9D7B5}
		{6494107A-B271-4282-9BD1-C37BEDD4555D} = {A0336695-1265-47C9-AE82-AB8AD8F9D7B5}
		{E3009099-6221-48DE-8F9F-EE7A055DA1DC} = {6494107A-B271-4282-9BD1-C37BEDD4555D}
		{F5DA9661-85AA-4685-B205-A7C4D66B81B7} = {6494107A-B271-4282-9BD1-C37BEDD4555D}
		{AEAC4B44-B94D-40A2-8F35-C996912C8CA5} = {6494107A-B271-4282-9BD1-C37BEDD4555D}
		{91DF6F50-4EFE-45D4-893A-770918A9838A} = {6494107A-B271-4282-9BD1-C37BEDD4555D}
	EndGlobalSection
	GlobalSection(ExtensibilityGlobals) = postSolution
		SolutionGuid = {5DFB4172-1EF3-4B31-8AE5-DD3255A1791E}
	EndGlobalSection
EndGlobal
